
Microsoft Visual Studio Solution File, Format Version 12.00
# Visual Studio Version 16
VisualStudioVersion = 16.0.31624.102
MinimumVisualStudioVersion = 10.0.40219.1
Project("{9092AA53-FB77-4645-B42D-1CCCA6BD08BD}") = "GoodMatch", "GoodMatch.njsproj", "{067F7134-5529-4C09-803E-33613E7F0ACA}"
EndProject
Global
	GlobalSection(SolutionConfigurationPlatforms) = preSolution
		Debug|Any CPU = Debug|Any CPU
		Release|Any CPU = Release|Any CPU
	EndGlobalSection
	GlobalSection(ProjectConfigurationPlatforms) = postSolution
		{067F7134-5529-4C09-803E-33613E7F0ACA}.Debug|Any CPU.ActiveCfg = Debug|Any CPU
		{067F7134-5529-4C09-803E-33613E7F0ACA}.Debug|Any CPU.Build.0 = Debug|Any CPU
		{067F7134-5529-4C09-803E-33613E7F0ACA}.Release|Any CPU.ActiveCfg = Release|Any CPU
		{067F7134-5529-4C09-803E-33613E7F0ACA}.Release|Any CPU.Build.0 = Release|Any CPU
	EndGlobalSection
	GlobalSection(SolutionProperties) = preSolution
		HideSolutionNode = FALSE
	EndGlobalSection
	GlobalSection(ExtensibilityGlobals) = postSolution
		SolutionGuid = {BF11CD88-C02C-4D82-BA7F-33D1CA6D1EAE}
	EndGlobalSection
EndGlobal
